
Microsoft Visual Studio Solution File, Format Version 12.00
# Visual Studio Version 17
VisualStudioVersion = 17.0.32014.148
MinimumVisualStudioVersion = 10.0.40219.1
Project("{FAE04EC0-301F-11D3-BF4B-00C04F79EFBC}") = "seleniumCSharp", "seleniumCSharp\seleniumCSharp.csproj", "{F4A82332-D5D1-46C6-A061-F28A5B4D5D00}"
EndProject
Global
	GlobalSection(SolutionConfigurationPlatforms) = preSolution
		Debug|Any CPU = Debug|Any CPU
		Release|Any CPU = Release|Any CPU
	EndGlobalSection
	GlobalSection(ProjectConfigurationPlatforms) = postSolution
		{F4A82332-D5D1-46C6-A061-F28A5B4D5D00}.Debug|Any CPU.ActiveCfg = Debug|Any CPU
		{F4A82332-D5D1-46C6-A061-F28A5B4D5D00}.Debug|Any CPU.Build.0 = Debug|Any CPU
		{F4A82332-D5D1-46C6-A061-F28A5B4D5D00}.Release|Any CPU.ActiveCfg = Release|Any CPU
		{F4A82332-D5D1-46C6-A061-F28A5B4D5D00}.Release|Any CPU.Build.0 = Release|Any CPU
	EndGlobalSection
	GlobalSection(SolutionProperties) = preSolution
		HideSolutionNode = FALSE
	EndGlobalSection
	GlobalSection(ExtensibilityGlobals) = postSolution
		SolutionGuid = {C01C5864-3741-4913-B8E4-D5EC6E5FC381}
	EndGlobalSection
EndGlobal
